
Microsoft Visual Studio Solution File, Format Version 12.00
# Visual Studio Version 17
VisualStudioVersion = 17.7.34031.279
MinimumVisualStudioVersion = 10.0.40219.1
Project("{9A19103F-16F7-4668-BE54-9A1E7A4F7556}") = "FundooApplication", "FundooApplication\FundooApplication.csproj", "{F12D7BD0-704A-4FA5-9865-A52DA3CE8AE2}"
EndProject
Project("{9A19103F-16F7-4668-BE54-9A1E7A4F7556}") = "FundooManager", "FundooManager\FundooManager.csproj", "{296D72C3-7A66-43E3-9CD7-18E21165E6D1}"
EndProject
Project("{9A19103F-16F7-4668-BE54-9A1E7A4F7556}") = "FundooModel", "FundooModel\FundooModel.csproj", "{838FF4E5-7E7C-49ED-9471-078E23D69207}"
EndProject
Project("{9A19103F-16F7-4668-BE54-9A1E7A4F7556}") = "FundooRepository", "FundooRepository\FundooRepository.csproj", "{356928E0-BDA4-4934-9040-3CF1E6709D77}"
EndProject
Project("{FAE04EC0-301F-11D3-BF4B-00C04F79EFBC}") = "NlogImplementation", "NlogImplementation\NlogImplementation.csproj", "{77312EAF-326F-427D-B9BE-4B7422F03808}"
EndProject
Global
	GlobalSection(SolutionConfigurationPlatforms) = preSolution
		Debug|Any CPU = Debug|Any CPU
		Release|Any CPU = Release|Any CPU
	EndGlobalSection
	GlobalSection(ProjectConfigurationPlatforms) = postSolution
		{F12D7BD0-704A-4FA5-9865-A52DA3CE8AE2}.Debug|Any CPU.ActiveCfg = Debug|Any CPU
		{F12D7BD0-704A-4FA5-9865-A52DA3CE8AE2}.Debug|Any CPU.Build.0 = Debug|Any CPU
		{F12D7BD0-704A-4FA5-9865-A52DA3CE8AE2}.Release|Any CPU.ActiveCfg = Release|Any CPU
		{F12D7BD0-704A-4FA5-9865-A52DA3CE8AE2}.Release|Any CPU.Build.0 = Release|Any CPU
		{296D72C3-7A66-43E3-9CD7-18E21165E6D1}.Debug|Any CPU.ActiveCfg = Debug|Any CPU
		{296D72C3-7A66-43E3-9CD7-18E21165E6D1}.Debug|Any CPU.Build.0 = Debug|Any CPU
		{296D72C3-7A66-43E3-9CD7-18E21165E6D1}.Release|Any CPU.ActiveCfg = Release|Any CPU
		{296D72C3-7A66-43E3-9CD7-18E21165E6D1}.Release|Any CPU.Build.0 = Release|Any CPU
		{838FF4E5-7E7C-49ED-9471-078E23D69207}.Debug|Any CPU.ActiveCfg = Debug|Any CPU
		{838FF4E5-7E7C-49ED-9471-078E23D69207}.Debug|Any CPU.Build.0 = Debug|Any CPU
		{838FF4E5-7E7C-49ED-9471-078E23D69207}.Release|Any CPU.ActiveCfg = Release|Any CPU
		{838FF4E5-7E7C-49ED-9471-078E23D69207}.Release|Any CPU.Build.0 = Release|Any CPU
		{356928E0-BDA4-4934-9040-3CF1E6709D77}.Debug|Any CPU.ActiveCfg = Debug|Any CPU
		{356928E0-BDA4-4934-9040-3CF1E6709D77}.Debug|Any CPU.Build.0 = Debug|Any CPU
		{356928E0-BDA4-4934-9040-3CF1E6709D77}.Release|Any CPU.ActiveCfg = Release|Any CPU
		{356928E0-BDA4-4934-9040-3CF1E6709D77}.Release|Any CPU.Build.0 = Release|Any CPU
		{77312EAF-326F-427D-B9BE-4B7422F03808}.Debug|Any CPU.ActiveCfg = Debug|Any CPU
		{77312EAF-326F-427D-B9BE-4B7422F03808}.Debug|Any CPU.Build.0 = Debug|Any CPU
		{77312EAF-326F-427D-B9BE-4B7422F03808}.Release|Any CPU.ActiveCfg = Release|Any CPU
		{77312EAF-326F-427D-B9BE-4B7422F03808}.Release|Any CPU.Build.0 = Release|Any CPU
	EndGlobalSection
	GlobalSection(SolutionProperties) = preSolution
		HideSolutionNode = FALSE
	EndGlobalSection
	GlobalSection(ExtensibilityGlobals) = postSolution
		SolutionGuid = {E2D028DC-47B4-4F6F-ACEC-15EE015D86D6}
	EndGlobalSection
EndGlobal
